{
  "name": "scad-esm-starter",
  "version": "1.0.0",
  "lockfileVersion": 3,
  "requires": true,
  "packages": {
    "": {
      "name": "scad-esm-starter",
      "version": "1.0.0",
      "license": "GPLv3",
      "dependencies": {
        "scad-js-esm": "git@github.com:daltonrowe/scad-js-esm.git"
      }
    },
    "node_modules/scad-js-esm": {
      "version": "0.5.0",
      "resolved": "git+ssh://git@github.com/daltonrowe/scad-js-esm.git#ebef97abaea47aa4990b880d603dd9316bfce9c0",
      "license": "MIT"
    }
  }
}
